{
  "name": "fitness-dashboard",
  "lockfileVersion": 3,
  "requires": true,
  "packages": {
    "": {
      "dependencies": {
        "chart.js": "^4.4.3",
        "ng2-charts": "^6.0.1",
        "ngx-chartjs": "^0.0.1"
      },
      "devDependencies": {
        "@angular/common": "^18.1.1",
        "@angular/core": "^18.1.1",
        "@angular/forms": "^18.1.1",
        "@angular/platform-browser": "^18.1.1",
        "@angular/platform-browser-dynamic": "^18.1.1",
        "@angular/router": "^18.1.1"
      }
    },
    "node_modules/@angular/common": {
      "version": "18.1.1",
      "resolved": "https://registry.npmjs.org/@angular/common/-/common-18.1.1.tgz",
      "integrity": "sha512-qNfYAapvIi8JyQToSqbg3O5dRXaElv/yNp2evvBGn4UO/liHjdNV/DzgCdyKP7uVbYrR0W3bzj++SxVR3mrATQ==",
      "dev": true,
      "dependencies": {
        "tslib": "^2.3.0"
      },
      "engines": {
        "node": "^18.19.1 || ^20.11.1 || >=22.0.0"
      },
      "peerDependencies": {
        "@angular/core": "18.1.1",
        "rxjs": "^6.5.3 || ^7.4.0"
      }
    },
    "node_modules/@angular/core": {
      "version": "18.1.1",
      "resolved": "https://registry.npmjs.org/@angular/core/-/core-18.1.1.tgz",
      "integrity": "sha512-/JFQ49fVIthZzdggl7FOCYAjaynbkRcCyiri85kAyTIvJ6aMSIiEKwJCw45WI5ICf2HtC9kz6dr0OKhMR6SeiA==",
      "dev": true,
      "dependencies": {
        "tslib": "^2.3.0"
      },
      "engines": {
        "node": "^18.19.1 || ^20.11.1 || >=22.0.0"
      },
      "peerDependencies": {
        "rxjs": "^6.5.3 || ^7.4.0",
        "zone.js": "~0.14.0"
      }
    },
    "node_modules/@angular/forms": {
      "version": "18.1.1",
      "resolved": "https://registry.npmjs.org/@angular/forms/-/forms-18.1.1.tgz",
      "integrity": "sha512-CceH57IKeH2Zq8QFFkcJMvBbjxVRCtqzAqSETfShWzrt+ITrz4c6EnUMbj30iz+ntn/R+qGAp3n/t0D7HtTS6Q==",
      "dev": true,
      "dependencies": {
        "tslib": "^2.3.0"
      },
      "engines": {
        "node": "^18.19.1 || ^20.11.1 || >=22.0.0"
      },
      "peerDependencies": {
        "@angular/common": "18.1.1",
        "@angular/core": "18.1.1",
        "@angular/platform-browser": "18.1.1",
        "rxjs": "^6.5.3 || ^7.4.0"
      }
    },
    "node_modules/@angular/platform-browser": {
      "version": "18.1.1",
      "resolved": "https://registry.npmjs.org/@angular/platform-browser/-/platform-browser-18.1.1.tgz",
      "integrity": "sha512-9FG2+NSWJXo+zu/W7VQE0UpaWejbV62AXW7218FBZXOdkdID5oNxHf0QdJ3hCaIJw1dKZEG49BTq005d9yQbew==",
      "dev": true,
      "dependencies": {
        "tslib": "^2.3.0"
      },
      "engines": {
        "node": "^18.19.1 || ^20.11.1 || >=22.0.0"
      },
      "peerDependencies": {
        "@angular/animations": "18.1.1",
        "@angular/common": "18.1.1",
        "@angular/core": "18.1.1"
      },
      "peerDependenciesMeta": {
        "@angular/animations": {
          "optional": true
        }
      }
    },
    "node_modules/@angular/platform-browser-dynamic": {
      "version": "18.1.1",
      "resolved": "https://registry.npmjs.org/@angular/platform-browser-dynamic/-/platform-browser-dynamic-18.1.1.tgz",
      "integrity": "sha512-+nnWGLz7dhkRbel8qGIgfQa5PoE4ZMl0ClDw8HR0R5T3w+v0K6trPSjWIPDHm5ex25RvuLNmoUGu29drlHN3Fw==",
      "dev": true,
      "dependencies": {
        "tslib": "^2.3.0"
      },
      "engines": {
        "node": "^18.19.1 || ^20.11.1 || >=22.0.0"
      },
      "peerDependencies": {
        "@angular/common": "18.1.1",
        "@angular/compiler": "18.1.1",
        "@angular/core": "18.1.1",
        "@angular/platform-browser": "18.1.1"
      }
    },
    "node_modules/@angular/router": {
      "version": "18.1.1",
      "resolved": "https://registry.npmjs.org/@angular/router/-/router-18.1.1.tgz",
      "integrity": "sha512-XaPL+jzmanQa3y9JSMpyxcTqHTNLiGLW6yzcZ0hiKDRpCJ044cKLMK5Ruk84LfzvVDS//tGj46OYAwrPGmBFMg==",
      "dev": true,
      "dependencies": {
        "tslib": "^2.3.0"
      },
      "engines": {
        "node": "^18.19.1 || ^20.11.1 || >=22.0.0"
      },
      "peerDependencies": {
        "@angular/common": "18.1.1",
        "@angular/core": "18.1.1",
        "@angular/platform-browser": "18.1.1",
        "rxjs": "^6.5.3 || ^7.4.0"
      }
    },
    "node_modules/@kurkle/color": {
      "version": "0.3.2",
      "resolved": "https://registry.npmjs.org/@kurkle/color/-/color-0.3.2.tgz",
      "integrity": "sha512-fuscdXJ9G1qb7W8VdHi+IwRqij3lBkosAm4ydQtEmbY58OzHXqQhvlxqEkoz0yssNVn38bcpRWgA9PP+OGoisw=="
    },
    "node_modules/chart.js": {
      "version": "4.4.3",
      "resolved": "https://registry.npmjs.org/chart.js/-/chart.js-4.4.3.tgz",
      "integrity": "sha512-qK1gkGSRYcJzqrrzdR6a+I0vQ4/R+SoODXyAjscQ/4mzuNzySaMCd+hyVxitSY1+L2fjPD1Gbn+ibNqRmwQeLw==",
      "dependencies": {
        "@kurkle/color": "^0.3.0"
      },
      "engines": {
        "pnpm": ">=8"
      }
    },
    "node_modules/lodash-es": {
      "version": "4.17.21",
      "resolved": "https://registry.npmjs.org/lodash-es/-/lodash-es-4.17.21.tgz",
      "integrity": "sha512-mKnC+QJ9pWVzv+C4/U3rRsHapFfHvQFoFB92e52xeyGMcX6/OlIl78je1u8vePzYZSkkogMPJ2yjxxsb89cxyw=="
    },
    "node_modules/ng2-charts": {
      "version": "6.0.1",
      "resolved": "https://registry.npmjs.org/ng2-charts/-/ng2-charts-6.0.1.tgz",
      "integrity": "sha512-pO7evbvHqjiKB7zqE12tCKWQI9gmQ8DVOEaWBBLlxJabc4fLGk7o9t4jC4+Q9pJiQrTtQkugm0dIPQ4PFHUaWA==",
      "dependencies": {
        "lodash-es": "^4.17.15",
        "tslib": "^2.3.0"
      },
      "peerDependencies": {
        "@angular/cdk": ">=17.0.0",
        "@angular/common": ">=17.0.0",
        "@angular/core": ">=17.0.0",
        "@angular/platform-browser": ">=17.0.0",
        "chart.js": "^3.4.0 || ^4.0.0",
        "rxjs": "^6.5.3 || ^7.4.0"
      }
    },
    "node_modules/ngx-chartjs": {
      "version": "0.0.1",
      "resolved": "https://registry.npmjs.org/ngx-chartjs/-/ngx-chartjs-0.0.1.tgz",
      "integrity": "sha512-ZgTedmIBTQxolP0MpojtUdgg5r92BcZKbbYipqh9ZuU4pK5EO7dt9UnShSNmMi/V+JyEy2pCRUICe1cgX6fw/w=="
    },
    "node_modules/tslib": {
      "version": "2.6.3",
      "resolved": "https://registry.npmjs.org/tslib/-/tslib-2.6.3.tgz",
      "integrity": "sha512-xNvxJEOUiWPGhUuUdQgAJPKOOJfGnIyKySOc09XkKsgdUV/3E2zvwZYdejjmRgPCgcym1juLH3226yA7sEFJKQ=="
    }
  }
}
